# THIS IS AN AUTOGENERATED FILE. DO NOT EDIT THIS FILE DIRECTLY.
# yarn lockfile v1


"@types/mocha@^2.2.42":
  version "2.2.45"
  resolved "https://registry.yarnpkg.com/@types/mocha/-/mocha-2.2.45.tgz#816572b6e45164526a36d4faa123e8267d6d5d0a"
  dependencies:
    "@types/node" "*"

"@types/node@*":
  version "8.5.2"
  resolved "https://registry.yarnpkg.com/@types/node/-/node-8.5.2.tgz#83b8103fa9a2c2e83d78f701a9aa7c9539739aa5"

"@types/node@^6.0.88":
  version "6.0.95"
  resolved "https://registry.yarnpkg.com/@types/node/-/node-6.0.95.tgz#0d027612a77c55b84497ff90a4a7d597e5ac0fab"

typescript@^2.5.2:
  version "2.6.2"
  resolved "https://registry.yarnpkg.com/typescript/-/typescript-2.6.2.tgz#3c5b6fd7f6de0914269027f03c0946758f7673a4"
